
Microsoft Visual Studio Solution File, Format Version 12.00
# Visual Studio Version 17
VisualStudioVersion = 17.3.32804.467
MinimumVisualStudioVersion = 10.0.40219.1
Project("{9A19103F-16F7-4668-BE54-9A1E7A4F7556}") = "MigaStudio", "studio\MigaStudio\MigaStudio.csproj", "{091BED3E-4EAD-4002-8E65-26683A9A1B64}"
EndProject
Project("{9A19103F-16F7-4668-BE54-9A1E7A4F7556}") = "MigaDB", "frameworks\MigaDB\MigaDB.csproj", "{4C5582A9-145B-45F3-AE9A-72AF0CCA5CD3}"
EndProject
Project("{9A19103F-16F7-4668-BE54-9A1E7A4F7556}") = "MigaUtils", "frameworks\MigaUtils\MigaUtils.csproj", "{EBC7FABE-5A55-4FF8-8AE4-C4AC92674D0C}"
EndProject
Project("{9A19103F-16F7-4668-BE54-9A1E7A4F7556}") = "MigaDB.Share", "frameworks\MigaDB.Share\MigaDB.Share.csproj", "{20F2101F-ED58-4151-88F5-5C9B7C9D543B}"
EndProject
Project("{2150E333-8FDC-42A3-9474-1A3956D46DE8}") = "Frameworks", "Frameworks", "{023BA204-2CB2-42AB-8239-A07648E3B1BB}"
EndProject
Project("{9A19103F-16F7-4668-BE54-9A1E7A4F7556}") = "MigaStudio.UI", "studio\MigaStudio.UI\MigaStudio.UI.csproj", "{E9405458-5BF6-4755-BBB9-2446D58314DC}"
EndProject
Project("{9A19103F-16F7-4668-BE54-9A1E7A4F7556}") = "Forest", "ui\Forest\Forest\Forest.csproj", "{74C21259-A1EB-487E-8DD5-CD90CA9EB69E}"
EndProject
Project("{9A19103F-16F7-4668-BE54-9A1E7A4F7556}") = "Forest.Controls", "ui\Forest\Forest.Controls\Forest.Controls.csproj", "{BA0D9B12-ED16-43EF-B7A1-5E54C7ED989C}"
EndProject
Project("{9A19103F-16F7-4668-BE54-9A1E7A4F7556}") = "Forest.Shell", "ui\Forest\Forest.Shell\Forest.Shell.csproj", "{3ACB9450-0DC7-4599-A80D-1A748B67BA3C}"
EndProject
Project("{2150E333-8FDC-42A3-9474-1A3956D46DE8}") = "UI", "UI", "{00FFC34C-2A5F-4F43-B99B-B8044A55FCDD}"
EndProject
Project("{2150E333-8FDC-42A3-9474-1A3956D46DE8}") = "Tests", "Tests", "{829B50A7-1B53-48F0-B1C8-7B5DC4CB3324}"
EndProject
Project("{9A19103F-16F7-4668-BE54-9A1E7A4F7556}") = "SubSystem.Template", "studio\SubSystem.Template\SubSystem.Template.csproj", "{8DFF5AF2-54A6-4FDB-BD68-B8F40101C600}"
EndProject
Project("{9A19103F-16F7-4668-BE54-9A1E7A4F7556}") = "MigaGen.App", "generators\MigaGen.App\MigaGen.App.csproj", "{94A668AE-ADE1-4113-B843-CE27E99B5A3D}"
EndProject
Project("{9A19103F-16F7-4668-BE54-9A1E7A4F7556}") = "MigaStudio.Tests", "tests\MigaStudio.Tests\MigaStudio.Tests.csproj", "{54976D5B-A8E0-4BC3-9DD9-1346C28B9031}"
EndProject
Project("{9A19103F-16F7-4668-BE54-9A1E7A4F7556}") = "Forest.Fonts", "ui\Forest\Forest.Fonts\Forest.Fonts.csproj", "{8A84F333-5822-4B89-9C8F-6348CAC612DE}"
EndProject
Project("{9A19103F-16F7-4668-BE54-9A1E7A4F7556}") = "SubSystem", "studio\SubSystem\SubSystem.csproj", "{239204F4-F934-4822-A249-EF6CB7CF0BF4}"
EndProject
Project("{2150E333-8FDC-42A3-9474-1A3956D46DE8}") = "Gists", "Gists", "{6399E2E1-9AB8-4288-8BE1-E947A087C299}"
	ProjectSection(SolutionItems) = preProject
		gists\avatar-binding.md = gists\avatar-binding.md
		gists\innosetup.md = gists\innosetup.md
	EndProjectSection
EndProject
Project("{2150E333-8FDC-42A3-9474-1A3956D46DE8}") = "Scripts", "Scripts", "{0AE5A7A0-8D0B-42A2-9AF5-CB9133FE7AE2}"
	ProjectSection(SolutionItems) = preProject
		Forset.cake = Forset.cake
		ProjectVersion.cake = ProjectVersion.cake
		JuXiaoYou-Dev.cake = JuXiaoYou-Dev.cake
		JuXiaoYou-Patch.cake = JuXiaoYou-Patch.cake
		JuXiaoYou-Stable-x64.cake = JuXiaoYou-Stable-x64.cake
		JuXiaoYou-Stable.cake = JuXiaoYou-Stable.cake
	EndProjectSection
EndProject
Global
	GlobalSection(SolutionConfigurationPlatforms) = preSolution
		Debug|Any CPU = Debug|Any CPU
		Debug|x86 = Debug|x86
		Release|Any CPU = Release|Any CPU
		Release|x86 = Release|x86
	EndGlobalSection
	GlobalSection(ProjectConfigurationPlatforms) = postSolution
		{091BED3E-4EAD-4002-8E65-26683A9A1B64}.Debug|Any CPU.ActiveCfg = Debug|Any CPU
		{091BED3E-4EAD-4002-8E65-26683A9A1B64}.Debug|Any CPU.Build.0 = Debug|Any CPU
		{091BED3E-4EAD-4002-8E65-26683A9A1B64}.Debug|x86.ActiveCfg = Debug|x86
		{091BED3E-4EAD-4002-8E65-26683A9A1B64}.Debug|x86.Build.0 = Debug|x86
		{091BED3E-4EAD-4002-8E65-26683A9A1B64}.Release|Any CPU.ActiveCfg = Release|Any CPU
		{091BED3E-4EAD-4002-8E65-26683A9A1B64}.Release|Any CPU.Build.0 = Release|Any CPU
		{091BED3E-4EAD-4002-8E65-26683A9A1B64}.Release|x86.ActiveCfg = Release|x86
		{091BED3E-4EAD-4002-8E65-26683A9A1B64}.Release|x86.Build.0 = Release|x86
		{4C5582A9-145B-45F3-AE9A-72AF0CCA5CD3}.Debug|Any CPU.ActiveCfg = Debug|Any CPU
		{4C5582A9-145B-45F3-AE9A-72AF0CCA5CD3}.Debug|Any CPU.Build.0 = Debug|Any CPU
		{4C5582A9-145B-45F3-AE9A-72AF0CCA5CD3}.Debug|x86.ActiveCfg = Debug|x86
		{4C5582A9-145B-45F3-AE9A-72AF0CCA5CD3}.Debug|x86.Build.0 = Debug|x86
		{4C5582A9-145B-45F3-AE9A-72AF0CCA5CD3}.Release|Any CPU.ActiveCfg = Release|Any CPU
		{4C5582A9-145B-45F3-AE9A-72AF0CCA5CD3}.Release|Any CPU.Build.0 = Release|Any CPU
		{4C5582A9-145B-45F3-AE9A-72AF0CCA5CD3}.Release|x86.ActiveCfg = Release|x86
		{4C5582A9-145B-45F3-AE9A-72AF0CCA5CD3}.Release|x86.Build.0 = Release|x86
		{EBC7FABE-5A55-4FF8-8AE4-C4AC92674D0C}.Debug|Any CPU.ActiveCfg = Debug|Any CPU
		{EBC7FABE-5A55-4FF8-8AE4-C4AC92674D0C}.Debug|Any CPU.Build.0 = Debug|Any CPU
		{EBC7FABE-5A55-4FF8-8AE4-C4AC92674D0C}.Debug|x86.ActiveCfg = Debug|x86
		{EBC7FABE-5A55-4FF8-8AE4-C4AC92674D0C}.Debug|x86.Build.0 = Debug|x86
		{EBC7FABE-5A55-4FF8-8AE4-C4AC92674D0C}.Release|Any CPU.ActiveCfg = Release|Any CPU
		{EBC7FABE-5A55-4FF8-8AE4-C4AC92674D0C}.Release|Any CPU.Build.0 = Release|Any CPU
		{EBC7FABE-5A55-4FF8-8AE4-C4AC92674D0C}.Release|x86.ActiveCfg = Release|x86
		{EBC7FABE-5A55-4FF8-8AE4-C4AC92674D0C}.Release|x86.Build.0 = Release|x86
		{20F2101F-ED58-4151-88F5-5C9B7C9D543B}.Debug|Any CPU.ActiveCfg = Debug|x86
		{20F2101F-ED58-4151-88F5-5C9B7C9D543B}.Debug|Any CPU.Build.0 = Debug|x86
		{20F2101F-ED58-4151-88F5-5C9B7C9D543B}.Debug|x86.ActiveCfg = Debug|x86
		{20F2101F-ED58-4151-88F5-5C9B7C9D543B}.Debug|x86.Build.0 = Debug|x86
		{20F2101F-ED58-4151-88F5-5C9B7C9D543B}.Release|Any CPU.ActiveCfg = Release|x86
		{20F2101F-ED58-4151-88F5-5C9B7C9D543B}.Release|Any CPU.Build.0 = Release|x86
		{20F2101F-ED58-4151-88F5-5C9B7C9D543B}.Release|x86.ActiveCfg = Release|x86
		{20F2101F-ED58-4151-88F5-5C9B7C9D543B}.Release|x86.Build.0 = Release|x86
		{E9405458-5BF6-4755-BBB9-2446D58314DC}.Debug|Any CPU.ActiveCfg = Debug|Any CPU
		{E9405458-5BF6-4755-BBB9-2446D58314DC}.Debug|Any CPU.Build.0 = Debug|Any CPU
		{E9405458-5BF6-4755-BBB9-2446D58314DC}.Debug|x86.ActiveCfg = Debug|x86
		{E9405458-5BF6-4755-BBB9-2446D58314DC}.Debug|x86.Build.0 = Debug|x86
		{E9405458-5BF6-4755-BBB9-2446D58314DC}.Release|Any CPU.ActiveCfg = Release|Any CPU
		{E9405458-5BF6-4755-BBB9-2446D58314DC}.Release|Any CPU.Build.0 = Release|Any CPU
		{E9405458-5BF6-4755-BBB9-2446D58314DC}.Release|x86.ActiveCfg = Release|x86
		{E9405458-5BF6-4755-BBB9-2446D58314DC}.Release|x86.Build.0 = Release|x86
		{74C21259-A1EB-487E-8DD5-CD90CA9EB69E}.Debug|Any CPU.ActiveCfg = Debug|Any CPU
		{74C21259-A1EB-487E-8DD5-CD90CA9EB69E}.Debug|Any CPU.Build.0 = Debug|Any CPU
		{74C21259-A1EB-487E-8DD5-CD90CA9EB69E}.Debug|x86.ActiveCfg = Debug|x86
		{74C21259-A1EB-487E-8DD5-CD90CA9EB69E}.Debug|x86.Build.0 = Debug|x86
		{74C21259-A1EB-487E-8DD5-CD90CA9EB69E}.Release|Any CPU.ActiveCfg = Release|Any CPU
		{74C21259-A1EB-487E-8DD5-CD90CA9EB69E}.Release|Any CPU.Build.0 = Release|Any CPU
		{74C21259-A1EB-487E-8DD5-CD90CA9EB69E}.Release|x86.ActiveCfg = Release|x86
		{74C21259-A1EB-487E-8DD5-CD90CA9EB69E}.Release|x86.Build.0 = Release|x86
		{BA0D9B12-ED16-43EF-B7A1-5E54C7ED989C}.Debug|Any CPU.ActiveCfg = Debug|Any CPU
		{BA0D9B12-ED16-43EF-B7A1-5E54C7ED989C}.Debug|Any CPU.Build.0 = Debug|Any CPU
		{BA0D9B12-ED16-43EF-B7A1-5E54C7ED989C}.Debug|x86.ActiveCfg = Debug|x86
		{BA0D9B12-ED16-43EF-B7A1-5E54C7ED989C}.Debug|x86.Build.0 = Debug|x86
		{BA0D9B12-ED16-43EF-B7A1-5E54C7ED989C}.Release|Any CPU.ActiveCfg = Release|Any CPU
		{BA0D9B12-ED16-43EF-B7A1-5E54C7ED989C}.Release|Any CPU.Build.0 = Release|Any CPU
		{BA0D9B12-ED16-43EF-B7A1-5E54C7ED989C}.Release|x86.ActiveCfg = Release|x86
		{BA0D9B12-ED16-43EF-B7A1-5E54C7ED989C}.Release|x86.Build.0 = Release|x86
		{3ACB9450-0DC7-4599-A80D-1A748B67BA3C}.Debug|Any CPU.ActiveCfg = Debug|Any CPU
		{3ACB9450-0DC7-4599-A80D-1A748B67BA3C}.Debug|Any CPU.Build.0 = Debug|Any CPU
		{3ACB9450-0DC7-4599-A80D-1A748B67BA3C}.Debug|x86.ActiveCfg = Debug|x86
		{3ACB9450-0DC7-4599-A80D-1A748B67BA3C}.Debug|x86.Build.0 = Debug|x86
		{3ACB9450-0DC7-4599-A80D-1A748B67BA3C}.Release|Any CPU.ActiveCfg = Release|Any CPU
		{3ACB9450-0DC7-4599-A80D-1A748B67BA3C}.Release|Any CPU.Build.0 = Release|Any CPU
		{3ACB9450-0DC7-4599-A80D-1A748B67BA3C}.Release|x86.ActiveCfg = Release|x86
		{3ACB9450-0DC7-4599-A80D-1A748B67BA3C}.Release|x86.Build.0 = Release|x86
		{8DFF5AF2-54A6-4FDB-BD68-B8F40101C600}.Debug|Any CPU.ActiveCfg = Debug|Any CPU
		{8DFF5AF2-54A6-4FDB-BD68-B8F40101C600}.Debug|Any CPU.Build.0 = Debug|Any CPU
		{8DFF5AF2-54A6-4FDB-BD68-B8F40101C600}.Debug|x86.ActiveCfg = Debug|x86
		{8DFF5AF2-54A6-4FDB-BD68-B8F40101C600}.Debug|x86.Build.0 = Debug|x86
		{8DFF5AF2-54A6-4FDB-BD68-B8F40101C600}.Release|Any CPU.ActiveCfg = Release|Any CPU
		{8DFF5AF2-54A6-4FDB-BD68-B8F40101C600}.Release|Any CPU.Build.0 = Release|Any CPU
		{8DFF5AF2-54A6-4FDB-BD68-B8F40101C600}.Release|x86.ActiveCfg = Release|x86
		{8DFF5AF2-54A6-4FDB-BD68-B8F40101C600}.Release|x86.Build.0 = Release|x86
		{94A668AE-ADE1-4113-B843-CE27E99B5A3D}.Debug|Any CPU.ActiveCfg = Debug|Any CPU
		{94A668AE-ADE1-4113-B843-CE27E99B5A3D}.Debug|Any CPU.Build.0 = Debug|Any CPU
		{94A668AE-ADE1-4113-B843-CE27E99B5A3D}.Debug|x86.ActiveCfg = Debug|Any CPU
		{94A668AE-ADE1-4113-B843-CE27E99B5A3D}.Debug|x86.Build.0 = Debug|Any CPU
		{94A668AE-ADE1-4113-B843-CE27E99B5A3D}.Release|Any CPU.ActiveCfg = Release|Any CPU
		{94A668AE-ADE1-4113-B843-CE27E99B5A3D}.Release|Any CPU.Build.0 = Release|Any CPU
		{94A668AE-ADE1-4113-B843-CE27E99B5A3D}.Release|x86.ActiveCfg = Release|Any CPU
		{94A668AE-ADE1-4113-B843-CE27E99B5A3D}.Release|x86.Build.0 = Release|Any CPU
		{54976D5B-A8E0-4BC3-9DD9-1346C28B9031}.Debug|Any CPU.ActiveCfg = Debug|Any CPU
		{54976D5B-A8E0-4BC3-9DD9-1346C28B9031}.Debug|Any CPU.Build.0 = Debug|Any CPU
		{54976D5B-A8E0-4BC3-9DD9-1346C28B9031}.Debug|x86.ActiveCfg = Debug|x86
		{54976D5B-A8E0-4BC3-9DD9-1346C28B9031}.Debug|x86.Build.0 = Debug|x86
		{54976D5B-A8E0-4BC3-9DD9-1346C28B9031}.Release|Any CPU.ActiveCfg = Release|Any CPU
		{54976D5B-A8E0-4BC3-9DD9-1346C28B9031}.Release|Any CPU.Build.0 = Release|Any CPU
		{54976D5B-A8E0-4BC3-9DD9-1346C28B9031}.Release|x86.ActiveCfg = Release|x86
		{54976D5B-A8E0-4BC3-9DD9-1346C28B9031}.Release|x86.Build.0 = Release|x86
		{8A84F333-5822-4B89-9C8F-6348CAC612DE}.Debug|Any CPU.ActiveCfg = Debug|Any CPU
		{8A84F333-5822-4B89-9C8F-6348CAC612DE}.Debug|Any CPU.Build.0 = Debug|Any CPU
		{8A84F333-5822-4B89-9C8F-6348CAC612DE}.Debug|x86.ActiveCfg = Debug|x86
		{8A84F333-5822-4B89-9C8F-6348CAC612DE}.Debug|x86.Build.0 = Debug|x86
		{8A84F333-5822-4B89-9C8F-6348CAC612DE}.Release|Any CPU.ActiveCfg = Release|Any CPU
		{8A84F333-5822-4B89-9C8F-6348CAC612DE}.Release|Any CPU.Build.0 = Release|Any CPU
		{8A84F333-5822-4B89-9C8F-6348CAC612DE}.Release|x86.ActiveCfg = Release|x86
		{8A84F333-5822-4B89-9C8F-6348CAC612DE}.Release|x86.Build.0 = Release|x86
		{239204F4-F934-4822-A249-EF6CB7CF0BF4}.Debug|Any CPU.ActiveCfg = Debug|Any CPU
		{239204F4-F934-4822-A249-EF6CB7CF0BF4}.Debug|Any CPU.Build.0 = Debug|Any CPU
		{239204F4-F934-4822-A249-EF6CB7CF0BF4}.Debug|x86.ActiveCfg = Debug|x86
		{239204F4-F934-4822-A249-EF6CB7CF0BF4}.Debug|x86.Build.0 = Debug|x86
		{239204F4-F934-4822-A249-EF6CB7CF0BF4}.Release|Any CPU.ActiveCfg = Release|Any CPU
		{239204F4-F934-4822-A249-EF6CB7CF0BF4}.Release|Any CPU.Build.0 = Release|Any CPU
		{239204F4-F934-4822-A249-EF6CB7CF0BF4}.Release|x86.ActiveCfg = Release|x86
		{239204F4-F934-4822-A249-EF6CB7CF0BF4}.Release|x86.Build.0 = Release|x86
	EndGlobalSection
	GlobalSection(SolutionProperties) = preSolution
		HideSolutionNode = FALSE
	EndGlobalSection
	GlobalSection(NestedProjects) = preSolution
		{4C5582A9-145B-45F3-AE9A-72AF0CCA5CD3} = {023BA204-2CB2-42AB-8239-A07648E3B1BB}
		{EBC7FABE-5A55-4FF8-8AE4-C4AC92674D0C} = {023BA204-2CB2-42AB-8239-A07648E3B1BB}
		{20F2101F-ED58-4151-88F5-5C9B7C9D543B} = {023BA204-2CB2-42AB-8239-A07648E3B1BB}
		{74C21259-A1EB-487E-8DD5-CD90CA9EB69E} = {00FFC34C-2A5F-4F43-B99B-B8044A55FCDD}
		{BA0D9B12-ED16-43EF-B7A1-5E54C7ED989C} = {00FFC34C-2A5F-4F43-B99B-B8044A55FCDD}
		{3ACB9450-0DC7-4599-A80D-1A748B67BA3C} = {00FFC34C-2A5F-4F43-B99B-B8044A55FCDD}
		{94A668AE-ADE1-4113-B843-CE27E99B5A3D} = {00FFC34C-2A5F-4F43-B99B-B8044A55FCDD}
		{54976D5B-A8E0-4BC3-9DD9-1346C28B9031} = {829B50A7-1B53-48F0-B1C8-7B5DC4CB3324}
		{8A84F333-5822-4B89-9C8F-6348CAC612DE} = {00FFC34C-2A5F-4F43-B99B-B8044A55FCDD}
	EndGlobalSection
	GlobalSection(ExtensibilityGlobals) = postSolution
		SolutionGuid = {ADC66617-EF09-469B-8799-FB3A75277D8D}
	EndGlobalSection
EndGlobal
