
Microsoft Visual Studio Solution File, Format Version 12.00
Project("{FAE04EC0-301F-11D3-BF4B-00C04F79EFBC}") = "FutureGL.Bots.Core", "bots\FutureGL.Bots.Core\FutureGL.Bots.Core.csproj", "{BE05DBA2-368B-4C9C-9F89-D15457C94EDD}"
EndProject
Project("{FAE04EC0-301F-11D3-BF4B-00C04F79EFBC}") = "FutureGL.Bots", "bots\FutureGL.Bots\FutureGL.Bots.csproj", "{B9FF24D8-9062-451C-8111-4A2ED2B3063D}"
EndProject
Project("{FAE04EC0-301F-11D3-BF4B-00C04F79EFBC}") = "FutureGL.Bots.Samples", "bots\FutureGL.Bots.Samples\FutureGL.Bots.Samples.csproj", "{9FA38384-DEBB-4D28-B332-394978B6123D}"
EndProject
Global
	GlobalSection(SolutionConfigurationPlatforms) = preSolution
		Debug|Any CPU = Debug|Any CPU
		Release|Any CPU = Release|Any CPU
	EndGlobalSection
	GlobalSection(ProjectConfigurationPlatforms) = postSolution
		{BE05DBA2-368B-4C9C-9F89-D15457C94EDD}.Debug|Any CPU.ActiveCfg = Debug|Any CPU
		{BE05DBA2-368B-4C9C-9F89-D15457C94EDD}.Debug|Any CPU.Build.0 = Debug|Any CPU
		{BE05DBA2-368B-4C9C-9F89-D15457C94EDD}.Release|Any CPU.ActiveCfg = Release|Any CPU
		{BE05DBA2-368B-4C9C-9F89-D15457C94EDD}.Release|Any CPU.Build.0 = Release|Any CPU
		{B9FF24D8-9062-451C-8111-4A2ED2B3063D}.Debug|Any CPU.ActiveCfg = Debug|Any CPU
		{B9FF24D8-9062-451C-8111-4A2ED2B3063D}.Debug|Any CPU.Build.0 = Debug|Any CPU
		{B9FF24D8-9062-451C-8111-4A2ED2B3063D}.Release|Any CPU.ActiveCfg = Release|Any CPU
		{B9FF24D8-9062-451C-8111-4A2ED2B3063D}.Release|Any CPU.Build.0 = Release|Any CPU
		{9FA38384-DEBB-4D28-B332-394978B6123D}.Debug|Any CPU.ActiveCfg = Debug|Any CPU
		{9FA38384-DEBB-4D28-B332-394978B6123D}.Debug|Any CPU.Build.0 = Debug|Any CPU
		{9FA38384-DEBB-4D28-B332-394978B6123D}.Release|Any CPU.ActiveCfg = Release|Any CPU
		{9FA38384-DEBB-4D28-B332-394978B6123D}.Release|Any CPU.Build.0 = Release|Any CPU
	EndGlobalSection
	GlobalSection(NestedProjects) = preSolution
	EndGlobalSection
EndGlobal
