
Microsoft Visual Studio Solution File, Format Version 12.00
Project("{FAE04EC0-301F-11D3-BF4B-00C04F79EFBC}") = "MigaDB", "frameworks\MigaDB\MigaDB.csproj", "{4C5582A9-145B-45F3-AE9A-72AF0CCA5CD3}"
EndProject
Project("{FAE04EC0-301F-11D3-BF4B-00C04F79EFBC}") = "MigaUtils", "frameworks\MigaUtils\MigaUtils.csproj", "{EBC7FABE-5A55-4FF8-8AE4-C4AC92674D0C}"
EndProject
Project("{FAE04EC0-301F-11D3-BF4B-00C04F79EFBC}") = "MigaDB.Share", "frameworks\MigaDB.Share\MigaDB.Share.csproj", "{20F2101F-ED58-4151-88F5-5C9B7C9D543B}"
EndProject
Project("{FAE04EC0-301F-11D3-BF4B-00C04F79EFBC}") = "MigaDB.Tests", "tests\MigaDB.Tests\MigaDB.Tests.csproj", "{947AD508-F844-4CC7-8528-782942C98296}"
EndProject
Project("{2150E333-8FDC-42A3-9474-1A3956D46DE8}") = "Tests", "Tests", "{3FF7F8D9-0E1D-402E-BCD2-EFBD05834FEC}"
EndProject
Project("{FAE04EC0-301F-11D3-BF4B-00C04F79EFBC}") = "MigaFX", "frameworks\MigaFX\MigaFX.csproj", "{B9D025F5-CA5F-41D6-961C-6391515C3283}"
EndProject
Project("{FAE04EC0-301F-11D3-BF4B-00C04F79EFBC}") = "MigaFX.Tests", "tests\MigaFX.Tests\MigaFX.Tests.csproj", "{3A7F7932-7C9E-4124-91EB-6EFEE56C3C0F}"
EndProject
Project("{FAE04EC0-301F-11D3-BF4B-00C04F79EFBC}") = "MigaDB.Host", "tests\MigaDB.Host\MigaDB.Host.csproj", "{EBA11C38-F5CD-4388-B2F8-4B52AB1319B5}"
EndProject
Project("{FAE04EC0-301F-11D3-BF4B-00C04F79EFBC}") = "SubSystem.Template", "studio\SubSystem.Template\SubSystem.Template.csproj", "{E3E31EA5-5459-4FFA-9DFB-71689D05FE4E}"
EndProject
Project("{FAE04EC0-301F-11D3-BF4B-00C04F79EFBC}") = "MigaStudio.ModuleEditor", "studio\MigaStudio.ModuleEditor\MigaStudio.ModuleEditor.csproj", "{9C35D9ED-5CF7-4CE1-B0FF-08A8080D36EC}"
EndProject
Project("{FAE04EC0-301F-11D3-BF4B-00C04F79EFBC}") = "Forest", "ui\Forest\Forest\Forest.csproj", "{8CEF37E6-5536-490C-901D-4FE73ADD0C0C}"
EndProject
Project("{FAE04EC0-301F-11D3-BF4B-00C04F79EFBC}") = "Forest.Controls", "ui\Forest\Forest.Controls\Forest.Controls.csproj", "{7414D331-31C4-4046-9D58-7E52018B8D38}"
EndProject
Project("{FAE04EC0-301F-11D3-BF4B-00C04F79EFBC}") = "Forest.Shell", "ui\Forest\Forest.Shell\Forest.Shell.csproj", "{F8A02530-263D-47CE-95F0-5F84A3F43C0E}"
EndProject
Project("{FAE04EC0-301F-11D3-BF4B-00C04F79EFBC}") = "MigaStudio.UI", "studio\MigaStudio.UI\MigaStudio.UI.csproj", "{31F1C0FC-A2A2-4567-8B37-1C263A3182CC}"
EndProject
Project("{2150E333-8FDC-42A3-9474-1A3956D46DE8}") = "UI", "UI", "{C445F935-7751-4E8C-BC33-8288085A6C46}"
EndProject
Project("{2150E333-8FDC-42A3-9474-1A3956D46DE8}") = "SubSystems", "SubSystems", "{3A5E0296-AA6A-448F-A7F1-0461CE97C5C9}"
EndProject
Project("{FAE04EC0-301F-11D3-BF4B-00C04F79EFBC}") = "SubSystem", "studio\SubSystem\SubSystem.csproj", "{E9045CD8-7C36-4AC9-828B-7C5AB93460F7}"
EndProject
Global
	GlobalSection(SolutionConfigurationPlatforms) = preSolution
		Debug|Any CPU = Debug|Any CPU
		Release|Any CPU = Release|Any CPU
	EndGlobalSection
	GlobalSection(ProjectConfigurationPlatforms) = postSolution
		{4C5582A9-145B-45F3-AE9A-72AF0CCA5CD3}.Debug|Any CPU.ActiveCfg = Debug|Any CPU
		{4C5582A9-145B-45F3-AE9A-72AF0CCA5CD3}.Debug|Any CPU.Build.0 = Debug|Any CPU
		{4C5582A9-145B-45F3-AE9A-72AF0CCA5CD3}.Release|Any CPU.ActiveCfg = Release|Any CPU
		{4C5582A9-145B-45F3-AE9A-72AF0CCA5CD3}.Release|Any CPU.Build.0 = Release|Any CPU
		{EBC7FABE-5A55-4FF8-8AE4-C4AC92674D0C}.Debug|Any CPU.ActiveCfg = Debug|Any CPU
		{EBC7FABE-5A55-4FF8-8AE4-C4AC92674D0C}.Debug|Any CPU.Build.0 = Debug|Any CPU
		{EBC7FABE-5A55-4FF8-8AE4-C4AC92674D0C}.Release|Any CPU.ActiveCfg = Release|Any CPU
		{EBC7FABE-5A55-4FF8-8AE4-C4AC92674D0C}.Release|Any CPU.Build.0 = Release|Any CPU
		{20F2101F-ED58-4151-88F5-5C9B7C9D543B}.Debug|Any CPU.ActiveCfg = Debug|Any CPU
		{20F2101F-ED58-4151-88F5-5C9B7C9D543B}.Debug|Any CPU.Build.0 = Debug|Any CPU
		{20F2101F-ED58-4151-88F5-5C9B7C9D543B}.Release|Any CPU.ActiveCfg = Release|Any CPU
		{20F2101F-ED58-4151-88F5-5C9B7C9D543B}.Release|Any CPU.Build.0 = Release|Any CPU
		{947AD508-F844-4CC7-8528-782942C98296}.Debug|Any CPU.ActiveCfg = Debug|Any CPU
		{947AD508-F844-4CC7-8528-782942C98296}.Debug|Any CPU.Build.0 = Debug|Any CPU
		{947AD508-F844-4CC7-8528-782942C98296}.Release|Any CPU.ActiveCfg = Release|Any CPU
		{947AD508-F844-4CC7-8528-782942C98296}.Release|Any CPU.Build.0 = Release|Any CPU
		{B9D025F5-CA5F-41D6-961C-6391515C3283}.Debug|Any CPU.ActiveCfg = Debug|Any CPU
		{B9D025F5-CA5F-41D6-961C-6391515C3283}.Debug|Any CPU.Build.0 = Debug|Any CPU
		{B9D025F5-CA5F-41D6-961C-6391515C3283}.Release|Any CPU.ActiveCfg = Release|Any CPU
		{B9D025F5-CA5F-41D6-961C-6391515C3283}.Release|Any CPU.Build.0 = Release|Any CPU
		{3A7F7932-7C9E-4124-91EB-6EFEE56C3C0F}.Debug|Any CPU.ActiveCfg = Debug|Any CPU
		{3A7F7932-7C9E-4124-91EB-6EFEE56C3C0F}.Debug|Any CPU.Build.0 = Debug|Any CPU
		{3A7F7932-7C9E-4124-91EB-6EFEE56C3C0F}.Release|Any CPU.ActiveCfg = Release|Any CPU
		{3A7F7932-7C9E-4124-91EB-6EFEE56C3C0F}.Release|Any CPU.Build.0 = Release|Any CPU
		{EBA11C38-F5CD-4388-B2F8-4B52AB1319B5}.Debug|Any CPU.ActiveCfg = Debug|Any CPU
		{EBA11C38-F5CD-4388-B2F8-4B52AB1319B5}.Debug|Any CPU.Build.0 = Debug|Any CPU
		{EBA11C38-F5CD-4388-B2F8-4B52AB1319B5}.Release|Any CPU.ActiveCfg = Release|Any CPU
		{EBA11C38-F5CD-4388-B2F8-4B52AB1319B5}.Release|Any CPU.Build.0 = Release|Any CPU
		{E3E31EA5-5459-4FFA-9DFB-71689D05FE4E}.Debug|Any CPU.ActiveCfg = Debug|Any CPU
		{E3E31EA5-5459-4FFA-9DFB-71689D05FE4E}.Debug|Any CPU.Build.0 = Debug|Any CPU
		{E3E31EA5-5459-4FFA-9DFB-71689D05FE4E}.Release|Any CPU.ActiveCfg = Release|Any CPU
		{E3E31EA5-5459-4FFA-9DFB-71689D05FE4E}.Release|Any CPU.Build.0 = Release|Any CPU
		{9C35D9ED-5CF7-4CE1-B0FF-08A8080D36EC}.Debug|Any CPU.ActiveCfg = Debug|Any CPU
		{9C35D9ED-5CF7-4CE1-B0FF-08A8080D36EC}.Debug|Any CPU.Build.0 = Debug|Any CPU
		{9C35D9ED-5CF7-4CE1-B0FF-08A8080D36EC}.Release|Any CPU.ActiveCfg = Release|Any CPU
		{9C35D9ED-5CF7-4CE1-B0FF-08A8080D36EC}.Release|Any CPU.Build.0 = Release|Any CPU
		{8CEF37E6-5536-490C-901D-4FE73ADD0C0C}.Debug|Any CPU.ActiveCfg = Debug|Any CPU
		{8CEF37E6-5536-490C-901D-4FE73ADD0C0C}.Debug|Any CPU.Build.0 = Debug|Any CPU
		{8CEF37E6-5536-490C-901D-4FE73ADD0C0C}.Release|Any CPU.ActiveCfg = Release|Any CPU
		{8CEF37E6-5536-490C-901D-4FE73ADD0C0C}.Release|Any CPU.Build.0 = Release|Any CPU
		{7414D331-31C4-4046-9D58-7E52018B8D38}.Debug|Any CPU.ActiveCfg = Debug|Any CPU
		{7414D331-31C4-4046-9D58-7E52018B8D38}.Debug|Any CPU.Build.0 = Debug|Any CPU
		{7414D331-31C4-4046-9D58-7E52018B8D38}.Release|Any CPU.ActiveCfg = Release|Any CPU
		{7414D331-31C4-4046-9D58-7E52018B8D38}.Release|Any CPU.Build.0 = Release|Any CPU
		{F8A02530-263D-47CE-95F0-5F84A3F43C0E}.Debug|Any CPU.ActiveCfg = Debug|Any CPU
		{F8A02530-263D-47CE-95F0-5F84A3F43C0E}.Debug|Any CPU.Build.0 = Debug|Any CPU
		{F8A02530-263D-47CE-95F0-5F84A3F43C0E}.Release|Any CPU.ActiveCfg = Release|Any CPU
		{F8A02530-263D-47CE-95F0-5F84A3F43C0E}.Release|Any CPU.Build.0 = Release|Any CPU
		{31F1C0FC-A2A2-4567-8B37-1C263A3182CC}.Debug|Any CPU.ActiveCfg = Debug|Any CPU
		{31F1C0FC-A2A2-4567-8B37-1C263A3182CC}.Debug|Any CPU.Build.0 = Debug|Any CPU
		{31F1C0FC-A2A2-4567-8B37-1C263A3182CC}.Release|Any CPU.ActiveCfg = Release|Any CPU
		{31F1C0FC-A2A2-4567-8B37-1C263A3182CC}.Release|Any CPU.Build.0 = Release|Any CPU
		{E9045CD8-7C36-4AC9-828B-7C5AB93460F7}.Debug|Any CPU.ActiveCfg = Debug|Any CPU
		{E9045CD8-7C36-4AC9-828B-7C5AB93460F7}.Debug|Any CPU.Build.0 = Debug|Any CPU
		{E9045CD8-7C36-4AC9-828B-7C5AB93460F7}.Release|Any CPU.ActiveCfg = Release|Any CPU
		{E9045CD8-7C36-4AC9-828B-7C5AB93460F7}.Release|Any CPU.Build.0 = Release|Any CPU
	EndGlobalSection
	GlobalSection(NestedProjects) = preSolution
		{947AD508-F844-4CC7-8528-782942C98296} = {3FF7F8D9-0E1D-402E-BCD2-EFBD05834FEC}
		{3A7F7932-7C9E-4124-91EB-6EFEE56C3C0F} = {3FF7F8D9-0E1D-402E-BCD2-EFBD05834FEC}
		{EBA11C38-F5CD-4388-B2F8-4B52AB1319B5} = {3FF7F8D9-0E1D-402E-BCD2-EFBD05834FEC}
		{31F1C0FC-A2A2-4567-8B37-1C263A3182CC} = {C445F935-7751-4E8C-BC33-8288085A6C46}
		{F8A02530-263D-47CE-95F0-5F84A3F43C0E} = {C445F935-7751-4E8C-BC33-8288085A6C46}
		{7414D331-31C4-4046-9D58-7E52018B8D38} = {C445F935-7751-4E8C-BC33-8288085A6C46}
		{8CEF37E6-5536-490C-901D-4FE73ADD0C0C} = {C445F935-7751-4E8C-BC33-8288085A6C46}
		{9C35D9ED-5CF7-4CE1-B0FF-08A8080D36EC} = {3A5E0296-AA6A-448F-A7F1-0461CE97C5C9}
		{E3E31EA5-5459-4FFA-9DFB-71689D05FE4E} = {3A5E0296-AA6A-448F-A7F1-0461CE97C5C9}
		{E9045CD8-7C36-4AC9-828B-7C5AB93460F7} = {3A5E0296-AA6A-448F-A7F1-0461CE97C5C9}
	EndGlobalSection
EndGlobal
