
Microsoft Visual Studio Solution File, Format Version 12.00
Project("{FAE04EC0-301F-11D3-BF4B-00C04F79EFBC}") = "MigaDB", "frameworks\MigaDB\MigaDB.csproj", "{4C5582A9-145B-45F3-AE9A-72AF0CCA5CD3}"
EndProject
Project("{FAE04EC0-301F-11D3-BF4B-00C04F79EFBC}") = "MigaUtils", "frameworks\MigaUtils\MigaUtils.csproj", "{EBC7FABE-5A55-4FF8-8AE4-C4AC92674D0C}"
EndProject
Project("{FAE04EC0-301F-11D3-BF4B-00C04F79EFBC}") = "MigaDB.Share", "frameworks\MigaDB.Share\MigaDB.Share.csproj", "{20F2101F-ED58-4151-88F5-5C9B7C9D543B}"
EndProject
Project("{FAE04EC0-301F-11D3-BF4B-00C04F79EFBC}") = "MigaDB.Tests", "tests\MigaDB.Tests\MigaDB.Tests.csproj", "{947AD508-F844-4CC7-8528-782942C98296}"
EndProject
Project("{2150E333-8FDC-42A3-9474-1A3956D46DE8}") = "Tests", "Tests", "{3FF7F8D9-0E1D-402E-BCD2-EFBD05834FEC}"
EndProject
Project("{FAE04EC0-301F-11D3-BF4B-00C04F79EFBC}") = "MigaFX.Tests", "tests\MigaFX.Tests\MigaFX.Tests.csproj", "{3A7F7932-7C9E-4124-91EB-6EFEE56C3C0F}"
EndProject
Project("{FAE04EC0-301F-11D3-BF4B-00C04F79EFBC}") = "MigaStudio.UI", "studio\MigaStudio.UI\MigaStudio.UI.csproj", "{B871064B-668E-449F-9A2D-5E722DE03843}"
EndProject
Project("{FAE04EC0-301F-11D3-BF4B-00C04F79EFBC}") = "MigaStudio.TemplateSystem", "studio\MigaStudio.TemplateSystem\MigaStudio.TemplateSystem.csproj", "{557F5621-2220-4458-BFA1-E43D362BBFE1}"
EndProject
Project("{2150E333-8FDC-42A3-9474-1A3956D46DE8}") = "Subsystems", "Subsystems", "{B78F5783-AC0E-4D3D-A032-55A95661BAD8}"
EndProject
Project("{FAE04EC0-301F-11D3-BF4B-00C04F79EFBC}") = "MigaStudio.ToolKits.TemplateSystem", "studio\MigaStudio.ToolKits.TemplateSystem\MigaStudio.ToolKits.TemplateSystem.csproj", "{34336FB2-7D5B-4F64-9F65-11BC26D58652}"
EndProject
Project("{2150E333-8FDC-42A3-9474-1A3956D46DE8}") = "Frameworks", "Frameworks", "{063F0C4A-E660-4B34-9AB0-7674EEC180E4}"
EndProject
Project("{FAE04EC0-301F-11D3-BF4B-00C04F79EFBC}") = "MigaUI.Contracts", "ui\MigaUI.Contracts\MigaUI.Contracts.csproj", "{E85851BD-1247-407B-AB71-458DE3F30250}"
EndProject
Project("{FAE04EC0-301F-11D3-BF4B-00C04F79EFBC}") = "MigaUI.Windows", "ui\MigaUI.Windows\MigaUI.Windows.csproj", "{BAE7E779-30F0-46EB-9403-FFAFEFF53100}"
EndProject
Project("{FAE04EC0-301F-11D3-BF4B-00C04F79EFBC}") = "MigaUI", "ui\MigaUI\MigaUI.csproj", "{1859B8B8-0135-4130-9FE8-3C85B3799FB6}"
EndProject
Project("{FAE04EC0-301F-11D3-BF4B-00C04F79EFBC}") = "MigaUI.Effects", "ui\MigaUI.Effects\MigaUI.Effects.csproj", "{7FFAD026-17EF-49CE-BBDB-7B94F5921B47}"
EndProject
Project("{2150E333-8FDC-42A3-9474-1A3956D46DE8}") = "UI", "UI", "{4E97DBDB-7F5A-41A4-9438-97310E73B455}"
EndProject
Project("{FAE04EC0-301F-11D3-BF4B-00C04F79EFBC}") = "MigaGen.App", "generators\MigaGen.App\MigaGen.App.csproj", "{9484DC8F-5723-4B32-8447-9B9D35F3D663}"
EndProject
Project("{FAE04EC0-301F-11D3-BF4B-00C04F79EFBC}") = "ColorPicker", "ui\ColorPicker\ColorPicker.csproj", "{2F5A4942-66B3-45B9-B83D-680ECF99F46F}"
EndProject
Project("{FAE04EC0-301F-11D3-BF4B-00C04F79EFBC}") = "MigaStudio.ToolKits.UIDemo", "MigaStudio.ToolKits.UIDemo\MigaStudio.ToolKits.UIDemo.csproj", "{B7902139-B1F7-459A-8F6F-723ACA4B70D0}"
EndProject
Global
	GlobalSection(SolutionConfigurationPlatforms) = preSolution
		Debug|Any CPU = Debug|Any CPU
		Release|Any CPU = Release|Any CPU
	EndGlobalSection
	GlobalSection(ProjectConfigurationPlatforms) = postSolution
		{4C5582A9-145B-45F3-AE9A-72AF0CCA5CD3}.Debug|Any CPU.ActiveCfg = Debug|Any CPU
		{4C5582A9-145B-45F3-AE9A-72AF0CCA5CD3}.Debug|Any CPU.Build.0 = Debug|Any CPU
		{4C5582A9-145B-45F3-AE9A-72AF0CCA5CD3}.Release|Any CPU.ActiveCfg = Release|Any CPU
		{4C5582A9-145B-45F3-AE9A-72AF0CCA5CD3}.Release|Any CPU.Build.0 = Release|Any CPU
		{EBC7FABE-5A55-4FF8-8AE4-C4AC92674D0C}.Debug|Any CPU.ActiveCfg = Debug|Any CPU
		{EBC7FABE-5A55-4FF8-8AE4-C4AC92674D0C}.Debug|Any CPU.Build.0 = Debug|Any CPU
		{EBC7FABE-5A55-4FF8-8AE4-C4AC92674D0C}.Release|Any CPU.ActiveCfg = Release|Any CPU
		{EBC7FABE-5A55-4FF8-8AE4-C4AC92674D0C}.Release|Any CPU.Build.0 = Release|Any CPU
		{20F2101F-ED58-4151-88F5-5C9B7C9D543B}.Debug|Any CPU.ActiveCfg = Debug|Any CPU
		{20F2101F-ED58-4151-88F5-5C9B7C9D543B}.Debug|Any CPU.Build.0 = Debug|Any CPU
		{20F2101F-ED58-4151-88F5-5C9B7C9D543B}.Release|Any CPU.ActiveCfg = Release|Any CPU
		{20F2101F-ED58-4151-88F5-5C9B7C9D543B}.Release|Any CPU.Build.0 = Release|Any CPU
		{947AD508-F844-4CC7-8528-782942C98296}.Debug|Any CPU.ActiveCfg = Debug|Any CPU
		{947AD508-F844-4CC7-8528-782942C98296}.Debug|Any CPU.Build.0 = Debug|Any CPU
		{947AD508-F844-4CC7-8528-782942C98296}.Release|Any CPU.ActiveCfg = Release|Any CPU
		{947AD508-F844-4CC7-8528-782942C98296}.Release|Any CPU.Build.0 = Release|Any CPU
		{3A7F7932-7C9E-4124-91EB-6EFEE56C3C0F}.Debug|Any CPU.ActiveCfg = Debug|Any CPU
		{3A7F7932-7C9E-4124-91EB-6EFEE56C3C0F}.Debug|Any CPU.Build.0 = Debug|Any CPU
		{3A7F7932-7C9E-4124-91EB-6EFEE56C3C0F}.Release|Any CPU.ActiveCfg = Release|Any CPU
		{3A7F7932-7C9E-4124-91EB-6EFEE56C3C0F}.Release|Any CPU.Build.0 = Release|Any CPU
		{B871064B-668E-449F-9A2D-5E722DE03843}.Debug|Any CPU.ActiveCfg = Debug|Any CPU
		{B871064B-668E-449F-9A2D-5E722DE03843}.Debug|Any CPU.Build.0 = Debug|Any CPU
		{B871064B-668E-449F-9A2D-5E722DE03843}.Release|Any CPU.ActiveCfg = Release|Any CPU
		{B871064B-668E-449F-9A2D-5E722DE03843}.Release|Any CPU.Build.0 = Release|Any CPU
		{557F5621-2220-4458-BFA1-E43D362BBFE1}.Debug|Any CPU.ActiveCfg = Debug|Any CPU
		{557F5621-2220-4458-BFA1-E43D362BBFE1}.Debug|Any CPU.Build.0 = Debug|Any CPU
		{557F5621-2220-4458-BFA1-E43D362BBFE1}.Release|Any CPU.ActiveCfg = Release|Any CPU
		{557F5621-2220-4458-BFA1-E43D362BBFE1}.Release|Any CPU.Build.0 = Release|Any CPU
		{34336FB2-7D5B-4F64-9F65-11BC26D58652}.Debug|Any CPU.ActiveCfg = Debug|Any CPU
		{34336FB2-7D5B-4F64-9F65-11BC26D58652}.Debug|Any CPU.Build.0 = Debug|Any CPU
		{34336FB2-7D5B-4F64-9F65-11BC26D58652}.Release|Any CPU.ActiveCfg = Release|Any CPU
		{34336FB2-7D5B-4F64-9F65-11BC26D58652}.Release|Any CPU.Build.0 = Release|Any CPU
		{E85851BD-1247-407B-AB71-458DE3F30250}.Debug|Any CPU.ActiveCfg = Debug|Any CPU
		{E85851BD-1247-407B-AB71-458DE3F30250}.Debug|Any CPU.Build.0 = Debug|Any CPU
		{E85851BD-1247-407B-AB71-458DE3F30250}.Release|Any CPU.ActiveCfg = Release|Any CPU
		{E85851BD-1247-407B-AB71-458DE3F30250}.Release|Any CPU.Build.0 = Release|Any CPU
		{BAE7E779-30F0-46EB-9403-FFAFEFF53100}.Debug|Any CPU.ActiveCfg = Debug|Any CPU
		{BAE7E779-30F0-46EB-9403-FFAFEFF53100}.Debug|Any CPU.Build.0 = Debug|Any CPU
		{BAE7E779-30F0-46EB-9403-FFAFEFF53100}.Release|Any CPU.ActiveCfg = Release|Any CPU
		{BAE7E779-30F0-46EB-9403-FFAFEFF53100}.Release|Any CPU.Build.0 = Release|Any CPU
		{1859B8B8-0135-4130-9FE8-3C85B3799FB6}.Debug|Any CPU.ActiveCfg = Debug|Any CPU
		{1859B8B8-0135-4130-9FE8-3C85B3799FB6}.Debug|Any CPU.Build.0 = Debug|Any CPU
		{1859B8B8-0135-4130-9FE8-3C85B3799FB6}.Release|Any CPU.ActiveCfg = Release|Any CPU
		{1859B8B8-0135-4130-9FE8-3C85B3799FB6}.Release|Any CPU.Build.0 = Release|Any CPU
		{7FFAD026-17EF-49CE-BBDB-7B94F5921B47}.Debug|Any CPU.ActiveCfg = Debug|Any CPU
		{7FFAD026-17EF-49CE-BBDB-7B94F5921B47}.Debug|Any CPU.Build.0 = Debug|Any CPU
		{7FFAD026-17EF-49CE-BBDB-7B94F5921B47}.Release|Any CPU.ActiveCfg = Release|Any CPU
		{7FFAD026-17EF-49CE-BBDB-7B94F5921B47}.Release|Any CPU.Build.0 = Release|Any CPU
		{9484DC8F-5723-4B32-8447-9B9D35F3D663}.Debug|Any CPU.ActiveCfg = Debug|Any CPU
		{9484DC8F-5723-4B32-8447-9B9D35F3D663}.Debug|Any CPU.Build.0 = Debug|Any CPU
		{9484DC8F-5723-4B32-8447-9B9D35F3D663}.Release|Any CPU.ActiveCfg = Release|Any CPU
		{9484DC8F-5723-4B32-8447-9B9D35F3D663}.Release|Any CPU.Build.0 = Release|Any CPU
		{2F5A4942-66B3-45B9-B83D-680ECF99F46F}.Debug|Any CPU.ActiveCfg = Debug|Any CPU
		{2F5A4942-66B3-45B9-B83D-680ECF99F46F}.Debug|Any CPU.Build.0 = Debug|Any CPU
		{2F5A4942-66B3-45B9-B83D-680ECF99F46F}.Release|Any CPU.ActiveCfg = Release|Any CPU
		{2F5A4942-66B3-45B9-B83D-680ECF99F46F}.Release|Any CPU.Build.0 = Release|Any CPU
		{B7902139-B1F7-459A-8F6F-723ACA4B70D0}.Debug|Any CPU.ActiveCfg = Debug|Any CPU
		{B7902139-B1F7-459A-8F6F-723ACA4B70D0}.Debug|Any CPU.Build.0 = Debug|Any CPU
		{B7902139-B1F7-459A-8F6F-723ACA4B70D0}.Release|Any CPU.ActiveCfg = Release|Any CPU
		{B7902139-B1F7-459A-8F6F-723ACA4B70D0}.Release|Any CPU.Build.0 = Release|Any CPU
	EndGlobalSection
	GlobalSection(NestedProjects) = preSolution
		{947AD508-F844-4CC7-8528-782942C98296} = {3FF7F8D9-0E1D-402E-BCD2-EFBD05834FEC}
		{3A7F7932-7C9E-4124-91EB-6EFEE56C3C0F} = {3FF7F8D9-0E1D-402E-BCD2-EFBD05834FEC}
		{557F5621-2220-4458-BFA1-E43D362BBFE1} = {B78F5783-AC0E-4D3D-A032-55A95661BAD8}
		{4C5582A9-145B-45F3-AE9A-72AF0CCA5CD3} = {063F0C4A-E660-4B34-9AB0-7674EEC180E4}
		{20F2101F-ED58-4151-88F5-5C9B7C9D543B} = {063F0C4A-E660-4B34-9AB0-7674EEC180E4}
		{B871064B-668E-449F-9A2D-5E722DE03843} = {063F0C4A-E660-4B34-9AB0-7674EEC180E4}
		{EBC7FABE-5A55-4FF8-8AE4-C4AC92674D0C} = {063F0C4A-E660-4B34-9AB0-7674EEC180E4}
		{1859B8B8-0135-4130-9FE8-3C85B3799FB6} = {4E97DBDB-7F5A-41A4-9438-97310E73B455}
		{E85851BD-1247-407B-AB71-458DE3F30250} = {4E97DBDB-7F5A-41A4-9438-97310E73B455}
		{7FFAD026-17EF-49CE-BBDB-7B94F5921B47} = {4E97DBDB-7F5A-41A4-9438-97310E73B455}
		{BAE7E779-30F0-46EB-9403-FFAFEFF53100} = {4E97DBDB-7F5A-41A4-9438-97310E73B455}
		{9484DC8F-5723-4B32-8447-9B9D35F3D663} = {063F0C4A-E660-4B34-9AB0-7674EEC180E4}
		{2F5A4942-66B3-45B9-B83D-680ECF99F46F} = {4E97DBDB-7F5A-41A4-9438-97310E73B455}
	EndGlobalSection
EndGlobal
